
Microsoft Visual Studio Solution File, Format Version 12.00
# Visual Studio 2013
VisualStudioVersion = 12.0.31101.0
MinimumVisualStudioVersion = 10.0.40219.1
Project("{FAE04EC0-301F-11D3-BF4B-00C04F79EFBC}") = "qif2json", "qif2json\qif2json.csproj", "{2843DB57-6E77-4BE3-BC0D-58E7186ACEAD}"
EndProject
Project("{FAE04EC0-301F-11D3-BF4B-00C04F79EFBC}") = "qif2json.parser", "qif2json.parser\qif2json.parser.csproj", "{6869E374-8FD3-4C6F-BE7D-A67562870F9B}"
EndProject
Project("{FAE04EC0-301F-11D3-BF4B-00C04F79EFBC}") = "qif2json.tests", "qif2json.tests\qif2json.tests.csproj", "{919CF1F5-EDE8-450A-8BFF-1C147E523A26}"
EndProject
Project("{930C7802-8A8C-48F9-8165-68863BCCD9DD}") = "qif2json.setup", "qif2json.setup\qif2json.setup.wixproj", "{22596487-2C96-48D5-8629-2EA3FCC662F6}"
	ProjectSection(ProjectDependencies) = postProject
		{2843DB57-6E77-4BE3-BC0D-58E7186ACEAD} = {2843DB57-6E77-4BE3-BC0D-58E7186ACEAD}
	EndProjectSection
EndProject
Global
	GlobalSection(SolutionConfigurationPlatforms) = preSolution
		Debug|Any CPU = Debug|Any CPU
		Debug|Mixed Platforms = Debug|Mixed Platforms
		Debug|x86 = Debug|x86
		Release|Any CPU = Release|Any CPU
		Release|Mixed Platforms = Release|Mixed Platforms
		Release|x86 = Release|x86
	EndGlobalSection
	GlobalSection(ProjectConfigurationPlatforms) = postSolution
		{2843DB57-6E77-4BE3-BC0D-58E7186ACEAD}.Debug|Any CPU.ActiveCfg = Debug|Any CPU
		{2843DB57-6E77-4BE3-BC0D-58E7186ACEAD}.Debug|Any CPU.Build.0 = Debug|Any CPU
		{2843DB57-6E77-4BE3-BC0D-58E7186ACEAD}.Debug|Mixed Platforms.ActiveCfg = Debug|Any CPU
		{2843DB57-6E77-4BE3-BC0D-58E7186ACEAD}.Debug|Mixed Platforms.Build.0 = Debug|Any CPU
		{2843DB57-6E77-4BE3-BC0D-58E7186ACEAD}.Debug|x86.ActiveCfg = Debug|Any CPU
		{2843DB57-6E77-4BE3-BC0D-58E7186ACEAD}.Release|Any CPU.ActiveCfg = Release|Any CPU
		{2843DB57-6E77-4BE3-BC0D-58E7186ACEAD}.Release|Any CPU.Build.0 = Release|Any CPU
		{2843DB57-6E77-4BE3-BC0D-58E7186ACEAD}.Release|Mixed Platforms.ActiveCfg = Release|Any CPU
		{2843DB57-6E77-4BE3-BC0D-58E7186ACEAD}.Release|Mixed Platforms.Build.0 = Release|Any CPU
		{2843DB57-6E77-4BE3-BC0D-58E7186ACEAD}.Release|x86.ActiveCfg = Release|Any CPU
		{6869E374-8FD3-4C6F-BE7D-A67562870F9B}.Debug|Any CPU.ActiveCfg = Debug|Any CPU
		{6869E374-8FD3-4C6F-BE7D-A67562870F9B}.Debug|Any CPU.Build.0 = Debug|Any CPU
		{6869E374-8FD3-4C6F-BE7D-A67562870F9B}.Debug|Mixed Platforms.ActiveCfg = Debug|Any CPU
		{6869E374-8FD3-4C6F-BE7D-A67562870F9B}.Debug|Mixed Platforms.Build.0 = Debug|Any CPU
		{6869E374-8FD3-4C6F-BE7D-A67562870F9B}.Debug|x86.ActiveCfg = Debug|Any CPU
		{6869E374-8FD3-4C6F-BE7D-A67562870F9B}.Release|Any CPU.ActiveCfg = Release|Any CPU
		{6869E374-8FD3-4C6F-BE7D-A67562870F9B}.Release|Any CPU.Build.0 = Release|Any CPU
		{6869E374-8FD3-4C6F-BE7D-A67562870F9B}.Release|Mixed Platforms.ActiveCfg = Release|Any CPU
		{6869E374-8FD3-4C6F-BE7D-A67562870F9B}.Release|Mixed Platforms.Build.0 = Release|Any CPU
		{6869E374-8FD3-4C6F-BE7D-A67562870F9B}.Release|x86.ActiveCfg = Release|Any CPU
		{919CF1F5-EDE8-450A-8BFF-1C147E523A26}.Debug|Any CPU.ActiveCfg = Debug|Any CPU
		{919CF1F5-EDE8-450A-8BFF-1C147E523A26}.Debug|Any CPU.Build.0 = Debug|Any CPU
		{919CF1F5-EDE8-450A-8BFF-1C147E523A26}.Debug|Mixed Platforms.ActiveCfg = Debug|Any CPU
		{919CF1F5-EDE8-450A-8BFF-1C147E523A26}.Debug|Mixed Platforms.Build.0 = Debug|Any CPU
		{919CF1F5-EDE8-450A-8BFF-1C147E523A26}.Debug|x86.ActiveCfg = Debug|Any CPU
		{919CF1F5-EDE8-450A-8BFF-1C147E523A26}.Release|Any CPU.ActiveCfg = Release|Any CPU
		{919CF1F5-EDE8-450A-8BFF-1C147E523A26}.Release|Any CPU.Build.0 = Release|Any CPU
		{919CF1F5-EDE8-450A-8BFF-1C147E523A26}.Release|Mixed Platforms.ActiveCfg = Release|Any CPU
		{919CF1F5-EDE8-450A-8BFF-1C147E523A26}.Release|Mixed Platforms.Build.0 = Release|Any CPU
		{919CF1F5-EDE8-450A-8BFF-1C147E523A26}.Release|x86.ActiveCfg = Release|Any CPU
		{22596487-2C96-48D5-8629-2EA3FCC662F6}.Debug|Any CPU.ActiveCfg = Debug|x86
		{22596487-2C96-48D5-8629-2EA3FCC662F6}.Debug|Mixed Platforms.ActiveCfg = Debug|x86
		{22596487-2C96-48D5-8629-2EA3FCC662F6}.Debug|Mixed Platforms.Build.0 = Debug|x86
		{22596487-2C96-48D5-8629-2EA3FCC662F6}.Debug|x86.ActiveCfg = Debug|x86
		{22596487-2C96-48D5-8629-2EA3FCC662F6}.Debug|x86.Build.0 = Debug|x86
		{22596487-2C96-48D5-8629-2EA3FCC662F6}.Release|Any CPU.ActiveCfg = Release|x86
		{22596487-2C96-48D5-8629-2EA3FCC662F6}.Release|Mixed Platforms.ActiveCfg = Release|x86
		{22596487-2C96-48D5-8629-2EA3FCC662F6}.Release|Mixed Platforms.Build.0 = Release|x86
		{22596487-2C96-48D5-8629-2EA3FCC662F6}.Release|x86.ActiveCfg = Release|x86
		{22596487-2C96-48D5-8629-2EA3FCC662F6}.Release|x86.Build.0 = Release|x86
	EndGlobalSection
	GlobalSection(SolutionProperties) = preSolution
		HideSolutionNode = FALSE
	EndGlobalSection
EndGlobal
